
Microsoft Visual Studio Solution File, Format Version 12.00
# Visual Studio 2013
VisualStudioVersion = 12.0.31101.0
MinimumVisualStudioVersion = 10.0.40219.1
Project("{FAE04EC0-301F-11D3-BF4B-00C04F79EFBC}") = "TestLibrary.Ios", "TestLibrary.Ios\TestLibrary.Ios.csproj", "{0DDEFBFB-2990-4669-8A90-E52F128D9C0A}"
EndProject
Project("{FAE04EC0-301F-11D3-BF4B-00C04F79EFBC}") = "TestUi.Ios", "TestUi.Ios\TestUi.Ios.csproj", "{494EADFB-828E-467E-94E1-EE9C18529B29}"
EndProject
Project("{FAE04EC0-301F-11D3-BF4B-00C04F79EFBC}") = "TestLibrary.Android", "TestLibrary.Android\TestLibrary.Android.csproj", "{D810791A-F331-482E-B8D9-D54966E415AF}"
EndProject
Project("{FAE04EC0-301F-11D3-BF4B-00C04F79EFBC}") = "TestUi.Android", "TestUi.Android\TestUi.Android.csproj", "{46AC54AD-C941-4D76-93ED-346C311CEC0A}"
EndProject
Project("{FAE04EC0-301F-11D3-BF4B-00C04F79EFBC}") = "PortableReferenceLibrary", "PortableReferenceLibrary\PortableReferenceLibrary.csproj", "{20C0C845-E323-4D20-B9A1-A57B951F2C83}"
EndProject
Project("{FAE04EC0-301F-11D3-BF4B-00C04F79EFBC}") = "TestLibrary.Pcl", "TestLibrary.Pcl\TestLibrary.Pcl.csproj", "{5E3AC5A6-00F5-4E58-9668-76BC013E79FF}"
EndProject
Global
	GlobalSection(SolutionConfigurationPlatforms) = preSolution
		Ad-Hoc|Any CPU = Ad-Hoc|Any CPU
		Ad-Hoc|iPhone = Ad-Hoc|iPhone
		Ad-Hoc|iPhoneSimulator = Ad-Hoc|iPhoneSimulator
		Ad-Hoc|Mixed Platforms = Ad-Hoc|Mixed Platforms
		AppStore|Any CPU = AppStore|Any CPU
		AppStore|iPhone = AppStore|iPhone
		AppStore|iPhoneSimulator = AppStore|iPhoneSimulator
		AppStore|Mixed Platforms = AppStore|Mixed Platforms
		Debug|Any CPU = Debug|Any CPU
		Debug|iPhone = Debug|iPhone
		Debug|iPhoneSimulator = Debug|iPhoneSimulator
		Debug|Mixed Platforms = Debug|Mixed Platforms
		Release|Any CPU = Release|Any CPU
		Release|iPhone = Release|iPhone
		Release|iPhoneSimulator = Release|iPhoneSimulator
		Release|Mixed Platforms = Release|Mixed Platforms
	EndGlobalSection
	GlobalSection(ProjectConfigurationPlatforms) = postSolution
		{0DDEFBFB-2990-4669-8A90-E52F128D9C0A}.Ad-Hoc|Any CPU.ActiveCfg = Release|Any CPU
		{0DDEFBFB-2990-4669-8A90-E52F128D9C0A}.Ad-Hoc|Any CPU.Build.0 = Release|Any CPU
		{0DDEFBFB-2990-4669-8A90-E52F128D9C0A}.Ad-Hoc|iPhone.ActiveCfg = Release|Any CPU
		{0DDEFBFB-2990-4669-8A90-E52F128D9C0A}.Ad-Hoc|iPhoneSimulator.ActiveCfg = Release|Any CPU
		{0DDEFBFB-2990-4669-8A90-E52F128D9C0A}.Ad-Hoc|Mixed Platforms.ActiveCfg = Release|Any CPU
		{0DDEFBFB-2990-4669-8A90-E52F128D9C0A}.Ad-Hoc|Mixed Platforms.Build.0 = Release|Any CPU
		{0DDEFBFB-2990-4669-8A90-E52F128D9C0A}.AppStore|Any CPU.ActiveCfg = Release|Any CPU
		{0DDEFBFB-2990-4669-8A90-E52F128D9C0A}.AppStore|Any CPU.Build.0 = Release|Any CPU
		{0DDEFBFB-2990-4669-8A90-E52F128D9C0A}.AppStore|iPhone.ActiveCfg = Release|Any CPU
		{0DDEFBFB-2990-4669-8A90-E52F128D9C0A}.AppStore|iPhoneSimulator.ActiveCfg = Release|Any CPU
		{0DDEFBFB-2990-4669-8A90-E52F128D9C0A}.AppStore|Mixed Platforms.ActiveCfg = Release|Any CPU
		{0DDEFBFB-2990-4669-8A90-E52F128D9C0A}.AppStore|Mixed Platforms.Build.0 = Release|Any CPU
		{0DDEFBFB-2990-4669-8A90-E52F128D9C0A}.Debug|Any CPU.ActiveCfg = Debug|Any CPU
		{0DDEFBFB-2990-4669-8A90-E52F128D9C0A}.Debug|Any CPU.Build.0 = Debug|Any CPU
		{0DDEFBFB-2990-4669-8A90-E52F128D9C0A}.Debug|iPhone.ActiveCfg = Debug|Any CPU
		{0DDEFBFB-2990-4669-8A90-E52F128D9C0A}.Debug|iPhoneSimulator.ActiveCfg = Debug|Any CPU
		{0DDEFBFB-2990-4669-8A90-E52F128D9C0A}.Debug|iPhoneSimulator.Build.0 = Debug|Any CPU
		{0DDEFBFB-2990-4669-8A90-E52F128D9C0A}.Debug|Mixed Platforms.ActiveCfg = Debug|Any CPU
		{0DDEFBFB-2990-4669-8A90-E52F128D9C0A}.Debug|Mixed Platforms.Build.0 = Debug|Any CPU
		{0DDEFBFB-2990-4669-8A90-E52F128D9C0A}.Release|Any CPU.ActiveCfg = Release|Any CPU
		{0DDEFBFB-2990-4669-8A90-E52F128D9C0A}.Release|Any CPU.Build.0 = Release|Any CPU
		{0DDEFBFB-2990-4669-8A90-E52F128D9C0A}.Release|iPhone.ActiveCfg = Release|Any CPU
		{0DDEFBFB-2990-4669-8A90-E52F128D9C0A}.Release|iPhoneSimulator.ActiveCfg = Release|Any CPU
		{0DDEFBFB-2990-4669-8A90-E52F128D9C0A}.Release|Mixed Platforms.ActiveCfg = Release|Any CPU
		{0DDEFBFB-2990-4669-8A90-E52F128D9C0A}.Release|Mixed Platforms.Build.0 = Release|Any CPU
		{494EADFB-828E-467E-94E1-EE9C18529B29}.Ad-Hoc|Any CPU.ActiveCfg = Ad-Hoc|iPhone
		{494EADFB-828E-467E-94E1-EE9C18529B29}.Ad-Hoc|iPhone.ActiveCfg = Ad-Hoc|iPhone
		{494EADFB-828E-467E-94E1-EE9C18529B29}.Ad-Hoc|iPhone.Build.0 = Ad-Hoc|iPhone
		{494EADFB-828E-467E-94E1-EE9C18529B29}.Ad-Hoc|iPhoneSimulator.ActiveCfg = Ad-Hoc|iPhoneSimulator
		{494EADFB-828E-467E-94E1-EE9C18529B29}.Ad-Hoc|iPhoneSimulator.Build.0 = Ad-Hoc|iPhoneSimulator
		{494EADFB-828E-467E-94E1-EE9C18529B29}.Ad-Hoc|Mixed Platforms.ActiveCfg = Ad-Hoc|iPhone
		{494EADFB-828E-467E-94E1-EE9C18529B29}.Ad-Hoc|Mixed Platforms.Build.0 = Ad-Hoc|iPhone
		{494EADFB-828E-467E-94E1-EE9C18529B29}.AppStore|Any CPU.ActiveCfg = AppStore|iPhone
		{494EADFB-828E-467E-94E1-EE9C18529B29}.AppStore|iPhone.ActiveCfg = AppStore|iPhone
		{494EADFB-828E-467E-94E1-EE9C18529B29}.AppStore|iPhone.Build.0 = AppStore|iPhone
		{494EADFB-828E-467E-94E1-EE9C18529B29}.AppStore|iPhoneSimulator.ActiveCfg = AppStore|iPhoneSimulator
		{494EADFB-828E-467E-94E1-EE9C18529B29}.AppStore|iPhoneSimulator.Build.0 = AppStore|iPhoneSimulator
		{494EADFB-828E-467E-94E1-EE9C18529B29}.AppStore|Mixed Platforms.ActiveCfg = AppStore|iPhone
		{494EADFB-828E-467E-94E1-EE9C18529B29}.AppStore|Mixed Platforms.Build.0 = AppStore|iPhone
		{494EADFB-828E-467E-94E1-EE9C18529B29}.Debug|Any CPU.ActiveCfg = Debug|iPhone
		{494EADFB-828E-467E-94E1-EE9C18529B29}.Debug|iPhone.ActiveCfg = Debug|iPhone
		{494EADFB-828E-467E-94E1-EE9C18529B29}.Debug|iPhone.Build.0 = Debug|iPhone
		{494EADFB-828E-467E-94E1-EE9C18529B29}.Debug|iPhoneSimulator.ActiveCfg = Debug|iPhoneSimulator
		{494EADFB-828E-467E-94E1-EE9C18529B29}.Debug|iPhoneSimulator.Build.0 = Debug|iPhoneSimulator
		{494EADFB-828E-467E-94E1-EE9C18529B29}.Debug|Mixed Platforms.ActiveCfg = Debug|iPhone
		{494EADFB-828E-467E-94E1-EE9C18529B29}.Debug|Mixed Platforms.Build.0 = Debug|iPhone
		{494EADFB-828E-467E-94E1-EE9C18529B29}.Release|Any CPU.ActiveCfg = Release|iPhone
		{494EADFB-828E-467E-94E1-EE9C18529B29}.Release|iPhone.ActiveCfg = Release|iPhone
		{494EADFB-828E-467E-94E1-EE9C18529B29}.Release|iPhone.Build.0 = Release|iPhone
		{494EADFB-828E-467E-94E1-EE9C18529B29}.Release|iPhoneSimulator.ActiveCfg = Release|iPhoneSimulator
		{494EADFB-828E-467E-94E1-EE9C18529B29}.Release|iPhoneSimulator.Build.0 = Release|iPhoneSimulator
		{494EADFB-828E-467E-94E1-EE9C18529B29}.Release|Mixed Platforms.ActiveCfg = Release|iPhone
		{494EADFB-828E-467E-94E1-EE9C18529B29}.Release|Mixed Platforms.Build.0 = Release|iPhone
		{D810791A-F331-482E-B8D9-D54966E415AF}.Ad-Hoc|Any CPU.ActiveCfg = Release|Any CPU
		{D810791A-F331-482E-B8D9-D54966E415AF}.Ad-Hoc|Any CPU.Build.0 = Release|Any CPU
		{D810791A-F331-482E-B8D9-D54966E415AF}.Ad-Hoc|iPhone.ActiveCfg = Release|Any CPU
		{D810791A-F331-482E-B8D9-D54966E415AF}.Ad-Hoc|iPhoneSimulator.ActiveCfg = Release|Any CPU
		{D810791A-F331-482E-B8D9-D54966E415AF}.Ad-Hoc|Mixed Platforms.ActiveCfg = Release|Any CPU
		{D810791A-F331-482E-B8D9-D54966E415AF}.Ad-Hoc|Mixed Platforms.Build.0 = Release|Any CPU
		{D810791A-F331-482E-B8D9-D54966E415AF}.AppStore|Any CPU.ActiveCfg = Release|Any CPU
		{D810791A-F331-482E-B8D9-D54966E415AF}.AppStore|Any CPU.Build.0 = Release|Any CPU
		{D810791A-F331-482E-B8D9-D54966E415AF}.AppStore|iPhone.ActiveCfg = Release|Any CPU
		{D810791A-F331-482E-B8D9-D54966E415AF}.AppStore|iPhoneSimulator.ActiveCfg = Release|Any CPU
		{D810791A-F331-482E-B8D9-D54966E415AF}.AppStore|Mixed Platforms.ActiveCfg = Release|Any CPU
		{D810791A-F331-482E-B8D9-D54966E415AF}.AppStore|Mixed Platforms.Build.0 = Release|Any CPU
		{D810791A-F331-482E-B8D9-D54966E415AF}.Debug|Any CPU.ActiveCfg = Debug|Any CPU
		{D810791A-F331-482E-B8D9-D54966E415AF}.Debug|Any CPU.Build.0 = Debug|Any CPU
		{D810791A-F331-482E-B8D9-D54966E415AF}.Debug|iPhone.ActiveCfg = Debug|Any CPU
		{D810791A-F331-482E-B8D9-D54966E415AF}.Debug|iPhoneSimulator.ActiveCfg = Debug|Any CPU
		{D810791A-F331-482E-B8D9-D54966E415AF}.Debug|iPhoneSimulator.Build.0 = Debug|Any CPU
		{D810791A-F331-482E-B8D9-D54966E415AF}.Debug|Mixed Platforms.ActiveCfg = Debug|Any CPU
		{D810791A-F331-482E-B8D9-D54966E415AF}.Debug|Mixed Platforms.Build.0 = Debug|Any CPU
		{D810791A-F331-482E-B8D9-D54966E415AF}.Release|Any CPU.ActiveCfg = Release|Any CPU
		{D810791A-F331-482E-B8D9-D54966E415AF}.Release|Any CPU.Build.0 = Release|Any CPU
		{D810791A-F331-482E-B8D9-D54966E415AF}.Release|iPhone.ActiveCfg = Release|Any CPU
		{D810791A-F331-482E-B8D9-D54966E415AF}.Release|iPhoneSimulator.ActiveCfg = Release|Any CPU
		{D810791A-F331-482E-B8D9-D54966E415AF}.Release|Mixed Platforms.ActiveCfg = Release|Any CPU
		{D810791A-F331-482E-B8D9-D54966E415AF}.Release|Mixed Platforms.Build.0 = Release|Any CPU
		{46AC54AD-C941-4D76-93ED-346C311CEC0A}.Ad-Hoc|Any CPU.ActiveCfg = Release|Any CPU
		{46AC54AD-C941-4D76-93ED-346C311CEC0A}.Ad-Hoc|Any CPU.Build.0 = Release|Any CPU
		{46AC54AD-C941-4D76-93ED-346C311CEC0A}.Ad-Hoc|Any CPU.Deploy.0 = Release|Any CPU
		{46AC54AD-C941-4D76-93ED-346C311CEC0A}.Ad-Hoc|iPhone.ActiveCfg = Release|Any CPU
		{46AC54AD-C941-4D76-93ED-346C311CEC0A}.Ad-Hoc|iPhoneSimulator.ActiveCfg = Release|Any CPU
		{46AC54AD-C941-4D76-93ED-346C311CEC0A}.Ad-Hoc|Mixed Platforms.ActiveCfg = Release|Any CPU
		{46AC54AD-C941-4D76-93ED-346C311CEC0A}.Ad-Hoc|Mixed Platforms.Build.0 = Release|Any CPU
		{46AC54AD-C941-4D76-93ED-346C311CEC0A}.Ad-Hoc|Mixed Platforms.Deploy.0 = Release|Any CPU
		{46AC54AD-C941-4D76-93ED-346C311CEC0A}.AppStore|Any CPU.ActiveCfg = Release|Any CPU
		{46AC54AD-C941-4D76-93ED-346C311CEC0A}.AppStore|Any CPU.Build.0 = Release|Any CPU
		{46AC54AD-C941-4D76-93ED-346C311CEC0A}.AppStore|Any CPU.Deploy.0 = Release|Any CPU
		{46AC54AD-C941-4D76-93ED-346C311CEC0A}.AppStore|iPhone.ActiveCfg = Release|Any CPU
		{46AC54AD-C941-4D76-93ED-346C311CEC0A}.AppStore|iPhoneSimulator.ActiveCfg = Release|Any CPU
		{46AC54AD-C941-4D76-93ED-346C311CEC0A}.AppStore|Mixed Platforms.ActiveCfg = Release|Any CPU
		{46AC54AD-C941-4D76-93ED-346C311CEC0A}.AppStore|Mixed Platforms.Build.0 = Release|Any CPU
		{46AC54AD-C941-4D76-93ED-346C311CEC0A}.AppStore|Mixed Platforms.Deploy.0 = Release|Any CPU
		{46AC54AD-C941-4D76-93ED-346C311CEC0A}.Debug|Any CPU.ActiveCfg = Debug|Any CPU
		{46AC54AD-C941-4D76-93ED-346C311CEC0A}.Debug|Any CPU.Build.0 = Debug|Any CPU
		{46AC54AD-C941-4D76-93ED-346C311CEC0A}.Debug|Any CPU.Deploy.0 = Debug|Any CPU
		{46AC54AD-C941-4D76-93ED-346C311CEC0A}.Debug|iPhone.ActiveCfg = Debug|Any CPU
		{46AC54AD-C941-4D76-93ED-346C311CEC0A}.Debug|iPhoneSimulator.ActiveCfg = Debug|Any CPU
		{46AC54AD-C941-4D76-93ED-346C311CEC0A}.Debug|iPhoneSimulator.Build.0 = Debug|Any CPU
		{46AC54AD-C941-4D76-93ED-346C311CEC0A}.Debug|iPhoneSimulator.Deploy.0 = Debug|Any CPU
		{46AC54AD-C941-4D76-93ED-346C311CEC0A}.Debug|Mixed Platforms.ActiveCfg = Debug|Any CPU
		{46AC54AD-C941-4D76-93ED-346C311CEC0A}.Debug|Mixed Platforms.Build.0 = Debug|Any CPU
		{46AC54AD-C941-4D76-93ED-346C311CEC0A}.Debug|Mixed Platforms.Deploy.0 = Debug|Any CPU
		{46AC54AD-C941-4D76-93ED-346C311CEC0A}.Release|Any CPU.ActiveCfg = Release|Any CPU
		{46AC54AD-C941-4D76-93ED-346C311CEC0A}.Release|Any CPU.Build.0 = Release|Any CPU
		{46AC54AD-C941-4D76-93ED-346C311CEC0A}.Release|Any CPU.Deploy.0 = Release|Any CPU
		{46AC54AD-C941-4D76-93ED-346C311CEC0A}.Release|iPhone.ActiveCfg = Release|Any CPU
		{46AC54AD-C941-4D76-93ED-346C311CEC0A}.Release|iPhoneSimulator.ActiveCfg = Release|Any CPU
		{46AC54AD-C941-4D76-93ED-346C311CEC0A}.Release|Mixed Platforms.ActiveCfg = Release|Any CPU
		{46AC54AD-C941-4D76-93ED-346C311CEC0A}.Release|Mixed Platforms.Build.0 = Release|Any CPU
		{46AC54AD-C941-4D76-93ED-346C311CEC0A}.Release|Mixed Platforms.Deploy.0 = Release|Any CPU
		{20C0C845-E323-4D20-B9A1-A57B951F2C83}.Ad-Hoc|Any CPU.ActiveCfg = Release|Any CPU
		{20C0C845-E323-4D20-B9A1-A57B951F2C83}.Ad-Hoc|Any CPU.Build.0 = Release|Any CPU
		{20C0C845-E323-4D20-B9A1-A57B951F2C83}.Ad-Hoc|iPhone.ActiveCfg = Release|Any CPU
		{20C0C845-E323-4D20-B9A1-A57B951F2C83}.Ad-Hoc|iPhoneSimulator.ActiveCfg = Release|Any CPU
		{20C0C845-E323-4D20-B9A1-A57B951F2C83}.Ad-Hoc|Mixed Platforms.ActiveCfg = Release|Any CPU
		{20C0C845-E323-4D20-B9A1-A57B951F2C83}.Ad-Hoc|Mixed Platforms.Build.0 = Release|Any CPU
		{20C0C845-E323-4D20-B9A1-A57B951F2C83}.AppStore|Any CPU.ActiveCfg = Release|Any CPU
		{20C0C845-E323-4D20-B9A1-A57B951F2C83}.AppStore|Any CPU.Build.0 = Release|Any CPU
		{20C0C845-E323-4D20-B9A1-A57B951F2C83}.AppStore|iPhone.ActiveCfg = Release|Any CPU
		{20C0C845-E323-4D20-B9A1-A57B951F2C83}.AppStore|iPhoneSimulator.ActiveCfg = Release|Any CPU
		{20C0C845-E323-4D20-B9A1-A57B951F2C83}.AppStore|Mixed Platforms.ActiveCfg = Release|Any CPU
		{20C0C845-E323-4D20-B9A1-A57B951F2C83}.AppStore|Mixed Platforms.Build.0 = Release|Any CPU
		{20C0C845-E323-4D20-B9A1-A57B951F2C83}.Debug|Any CPU.ActiveCfg = Debug|Any CPU
		{20C0C845-E323-4D20-B9A1-A57B951F2C83}.Debug|Any CPU.Build.0 = Debug|Any CPU
		{20C0C845-E323-4D20-B9A1-A57B951F2C83}.Debug|iPhone.ActiveCfg = Debug|Any CPU
		{20C0C845-E323-4D20-B9A1-A57B951F2C83}.Debug|iPhoneSimulator.ActiveCfg = Debug|Any CPU
		{20C0C845-E323-4D20-B9A1-A57B951F2C83}.Debug|iPhoneSimulator.Build.0 = Debug|Any CPU
		{20C0C845-E323-4D20-B9A1-A57B951F2C83}.Debug|Mixed Platforms.ActiveCfg = Debug|Any CPU
		{20C0C845-E323-4D20-B9A1-A57B951F2C83}.Debug|Mixed Platforms.Build.0 = Debug|Any CPU
		{20C0C845-E323-4D20-B9A1-A57B951F2C83}.Release|Any CPU.ActiveCfg = Release|Any CPU
		{20C0C845-E323-4D20-B9A1-A57B951F2C83}.Release|Any CPU.Build.0 = Release|Any CPU
		{20C0C845-E323-4D20-B9A1-A57B951F2C83}.Release|iPhone.ActiveCfg = Release|Any CPU
		{20C0C845-E323-4D20-B9A1-A57B951F2C83}.Release|iPhoneSimulator.ActiveCfg = Release|Any CPU
		{20C0C845-E323-4D20-B9A1-A57B951F2C83}.Release|Mixed Platforms.ActiveCfg = Release|Any CPU
		{20C0C845-E323-4D20-B9A1-A57B951F2C83}.Release|Mixed Platforms.Build.0 = Release|Any CPU
		{5E3AC5A6-00F5-4E58-9668-76BC013E79FF}.Ad-Hoc|Any CPU.ActiveCfg = Release|Any CPU
		{5E3AC5A6-00F5-4E58-9668-76BC013E79FF}.Ad-Hoc|Any CPU.Build.0 = Release|Any CPU
		{5E3AC5A6-00F5-4E58-9668-76BC013E79FF}.Ad-Hoc|iPhone.ActiveCfg = Release|Any CPU
		{5E3AC5A6-00F5-4E58-9668-76BC013E79FF}.Ad-Hoc|iPhoneSimulator.ActiveCfg = Release|Any CPU
		{5E3AC5A6-00F5-4E58-9668-76BC013E79FF}.Ad-Hoc|Mixed Platforms.ActiveCfg = Release|Any CPU
		{5E3AC5A6-00F5-4E58-9668-76BC013E79FF}.Ad-Hoc|Mixed Platforms.Build.0 = Release|Any CPU
		{5E3AC5A6-00F5-4E58-9668-76BC013E79FF}.AppStore|Any CPU.ActiveCfg = Release|Any CPU
		{5E3AC5A6-00F5-4E58-9668-76BC013E79FF}.AppStore|Any CPU.Build.0 = Release|Any CPU
		{5E3AC5A6-00F5-4E58-9668-76BC013E79FF}.AppStore|iPhone.ActiveCfg = Release|Any CPU
		{5E3AC5A6-00F5-4E58-9668-76BC013E79FF}.AppStore|iPhoneSimulator.ActiveCfg = Release|Any CPU
		{5E3AC5A6-00F5-4E58-9668-76BC013E79FF}.AppStore|Mixed Platforms.ActiveCfg = Release|Any CPU
		{5E3AC5A6-00F5-4E58-9668-76BC013E79FF}.AppStore|Mixed Platforms.Build.0 = Release|Any CPU
		{5E3AC5A6-00F5-4E58-9668-76BC013E79FF}.Debug|Any CPU.ActiveCfg = Debug|Any CPU
		{5E3AC5A6-00F5-4E58-9668-76BC013E79FF}.Debug|Any CPU.Build.0 = Debug|Any CPU
		{5E3AC5A6-00F5-4E58-9668-76BC013E79FF}.Debug|iPhone.ActiveCfg = Debug|Any CPU
		{5E3AC5A6-00F5-4E58-9668-76BC013E79FF}.Debug|iPhoneSimulator.ActiveCfg = Debug|Any CPU
		{5E3AC5A6-00F5-4E58-9668-76BC013E79FF}.Debug|Mixed Platforms.ActiveCfg = Debug|Any CPU
		{5E3AC5A6-00F5-4E58-9668-76BC013E79FF}.Debug|Mixed Platforms.Build.0 = Debug|Any CPU
		{5E3AC5A6-00F5-4E58-9668-76BC013E79FF}.Release|Any CPU.ActiveCfg = Release|Any CPU
		{5E3AC5A6-00F5-4E58-9668-76BC013E79FF}.Release|Any CPU.Build.0 = Release|Any CPU
		{5E3AC5A6-00F5-4E58-9668-76BC013E79FF}.Release|iPhone.ActiveCfg = Release|Any CPU
		{5E3AC5A6-00F5-4E58-9668-76BC013E79FF}.Release|iPhoneSimulator.ActiveCfg = Release|Any CPU
		{5E3AC5A6-00F5-4E58-9668-76BC013E79FF}.Release|Mixed Platforms.ActiveCfg = Release|Any CPU
		{5E3AC5A6-00F5-4E58-9668-76BC013E79FF}.Release|Mixed Platforms.Build.0 = Release|Any CPU
	EndGlobalSection
	GlobalSection(SolutionProperties) = preSolution
		HideSolutionNode = FALSE
	EndGlobalSection
EndGlobal
